
Microsoft Visual Studio Solution File, Format Version 12.00
# Visual Studio Version 17
VisualStudioVersion = 17.13.35828.75
MinimumVisualStudioVersion = 10.0.40219.1
Project("{FAE04EC0-301F-11D3-BF4B-00C04F79EFBC}") = "PrimeNumberChecker", "PrimeNumberChecker\PrimeNumberChecker.csproj", "{6A6FFDD9-818B-4AC8-A3B5-C2B1764FAF49}"
EndProject
Project("{FAE04EC0-301F-11D3-BF4B-00C04F79EFBC}") = "PrimeNumberLib", "PrimeNumberLib\PrimeNumberLib.csproj", "{B8F3281A-1E22-4AEC-A312-902997E7A8DB}"
EndProject
Project("{FAE04EC0-301F-11D3-BF4B-00C04F79EFBC}") = "PrimeNumberChecker.Tests", "PrimeNumberChecker.Tests\PrimeNumberChecker.Tests.csproj", "{947925B8-3AAC-4A52-A0B0-EDF515F8B764}"
EndProject
Global
	GlobalSection(SolutionConfigurationPlatforms) = preSolution
		Debug|Any CPU = Debug|Any CPU
		Release|Any CPU = Release|Any CPU
	EndGlobalSection
	GlobalSection(ProjectConfigurationPlatforms) = postSolution
		{6A6FFDD9-818B-4AC8-A3B5-C2B1764FAF49}.Debug|Any CPU.ActiveCfg = Debug|Any CPU
		{6A6FFDD9-818B-4AC8-A3B5-C2B1764FAF49}.Debug|Any CPU.Build.0 = Debug|Any CPU
		{6A6FFDD9-818B-4AC8-A3B5-C2B1764FAF49}.Release|Any CPU.ActiveCfg = Release|Any CPU
		{6A6FFDD9-818B-4AC8-A3B5-C2B1764FAF49}.Release|Any CPU.Build.0 = Release|Any CPU
		{B8F3281A-1E22-4AEC-A312-902997E7A8DB}.Debug|Any CPU.ActiveCfg = Debug|Any CPU
		{B8F3281A-1E22-4AEC-A312-902997E7A8DB}.Debug|Any CPU.Build.0 = Debug|Any CPU
		{B8F3281A-1E22-4AEC-A312-902997E7A8DB}.Release|Any CPU.ActiveCfg = Release|Any CPU
		{B8F3281A-1E22-4AEC-A312-902997E7A8DB}.Release|Any CPU.Build.0 = Release|Any CPU
		{947925B8-3AAC-4A52-A0B0-EDF515F8B764}.Debug|Any CPU.ActiveCfg = Debug|Any CPU
		{947925B8-3AAC-4A52-A0B0-EDF515F8B764}.Debug|Any CPU.Build.0 = Debug|Any CPU
		{947925B8-3AAC-4A52-A0B0-EDF515F8B764}.Release|Any CPU.ActiveCfg = Release|Any CPU
		{947925B8-3AAC-4A52-A0B0-EDF515F8B764}.Release|Any CPU.Build.0 = Release|Any CPU
	EndGlobalSection
	GlobalSection(SolutionProperties) = preSolution
		HideSolutionNode = FALSE
	EndGlobalSection
	GlobalSection(ExtensibilityGlobals) = postSolution
		SolutionGuid = {4DBD735E-B737-4494-A4FF-2D9175C1BB55}
	EndGlobalSection
EndGlobal
