
Microsoft Visual Studio Solution File, Format Version 12.00
# Visual Studio Version 17
VisualStudioVersion = 17.13.35828.75 d17.13
MinimumVisualStudioVersion = 10.0.40219.1
Project("{FAE04EC0-301F-11D3-BF4B-00C04F79EFBC}") = "PrimeNumberChecker", "PrimeNumberChecker\PrimeNumberChecker.csproj", "{4625DDBA-5742-4EA1-9076-8A1335582A18}"
EndProject
Project("{FAE04EC0-301F-11D3-BF4B-00C04F79EFBC}") = "PrimeNumberChecker.Tests", "PrimeNumberChecker.Tests\PrimeNumberChecker.Tests.csproj", "{6990A0E6-7074-468E-9FB2-1B1354CB2826}"
EndProject
Global
	GlobalSection(SolutionConfigurationPlatforms) = preSolution
		Debug|Any CPU = Debug|Any CPU
		Release|Any CPU = Release|Any CPU
	EndGlobalSection
	GlobalSection(ProjectConfigurationPlatforms) = postSolution
		{4625DDBA-5742-4EA1-9076-8A1335582A18}.Debug|Any CPU.ActiveCfg = Debug|Any CPU
		{4625DDBA-5742-4EA1-9076-8A1335582A18}.Debug|Any CPU.Build.0 = Debug|Any CPU
		{4625DDBA-5742-4EA1-9076-8A1335582A18}.Release|Any CPU.ActiveCfg = Release|Any CPU
		{4625DDBA-5742-4EA1-9076-8A1335582A18}.Release|Any CPU.Build.0 = Release|Any CPU
		{6990A0E6-7074-468E-9FB2-1B1354CB2826}.Debug|Any CPU.ActiveCfg = Debug|Any CPU
		{6990A0E6-7074-468E-9FB2-1B1354CB2826}.Debug|Any CPU.Build.0 = Debug|Any CPU
		{6990A0E6-7074-468E-9FB2-1B1354CB2826}.Release|Any CPU.ActiveCfg = Release|Any CPU
		{6990A0E6-7074-468E-9FB2-1B1354CB2826}.Release|Any CPU.Build.0 = Release|Any CPU
	EndGlobalSection
	GlobalSection(SolutionProperties) = preSolution
		HideSolutionNode = FALSE
	EndGlobalSection
	GlobalSection(ExtensibilityGlobals) = postSolution
		SolutionGuid = {090659CB-039E-45C6-B22B-6F710A9C1480}
	EndGlobalSection
EndGlobal
